<?xml version="1.0" encoding="utf-8"?>
<Project ToolsVersion="4.0" xmlns="http://schemas.microsoft.com/developer/msbuild/2003">
  <ItemGroup>
    <Filter Include="Source Files">
      <UniqueIdentifier>{4FC737F1-C7A5-4376-A066-2A32D752A2FF}</UniqueIdentifier>
      <Extensions>cpp;c;cc;cxx;def;odl;idl;hpj;bat;asm;asmx</Extensions>
    </Filter>
    <Filter Include="Header Files">
      <UniqueIdentifier>{93995380-89BD-4b04-88EB-625FBE52EBFB}</UniqueIdentifier>
      <Extensions>h;hh;hpp;hxx;hm;inl;inc;ipp;xsd</Extensions>
    </Filter>
    <Filter Include="Resource Files">
      <UniqueIdentifier>{67DA6AB6-F800-4c08-8B7A-83BB121AAD01}</UniqueIdentifier>
      <Extensions>rc;ico;cur;bmp;dlg;rc2;rct;bin;rgs;gif;jpg;jpeg;jpe;resx;tiff;tif;png;wav;mfcribbon-ms</Extensions>
    </Filter>
  </ItemGroup>
  <ItemGroup>
    <ClCompile Include="..\alerts.c">
      <Filter>Source Files</Filter>
    </ClCompile>
    <ClCompile Include="..\arguments.c">
      <Filter>Source Files</Filter>
    </ClCompile>
    <ClCompile Include="..\attributes.c">
      <Filter>Source Files</Filter>
    </ClCompile>
    <ClCompile Include="..\cfg.c">
      <Filter>Source Files</Filter>
    </ClCompile>
    <ClCompile Include="..\client.c">
      <Filter>Source Files</Filter>
    </ClCompile>
    <ClCompile Include="..\cmd.c">
      <Filter>Source Files</Filter>
    </ClCompile>
    <ClCompile Include="..\cmd-attach-session.c">
      <Filter>Source Files</Filter>
    </ClCompile>
    <ClCompile Include="..\cmd-bind-key.c">
      <Filter>Source Files</Filter>
    </ClCompile>
    <ClCompile Include="..\cmd-break-pane.c">
      <Filter>Source Files</Filter>
    </ClCompile>
    <ClCompile Include="..\cmd-capture-pane.c">
      <Filter>Source Files</Filter>
    </ClCompile>
    <ClCompile Include="..\cmd-choose-tree.c">
      <Filter>Source Files</Filter>
    </ClCompile>
    <ClCompile Include="..\cmd-command-prompt.c">
      <Filter>Source Files</Filter>
    </ClCompile>
    <ClCompile Include="..\cmd-confirm-before.c">
      <Filter>Source Files</Filter>
    </ClCompile>
    <ClCompile Include="..\cmd-copy-mode.c">
      <Filter>Source Files</Filter>
    </ClCompile>
    <ClCompile Include="..\cmd-detach-client.c">
      <Filter>Source Files</Filter>
    </ClCompile>
    <ClCompile Include="..\cmd-display-menu.c">
      <Filter>Source Files</Filter>
    </ClCompile>
    <ClCompile Include="..\cmd-display-message.c">
      <Filter>Source Files</Filter>
    </ClCompile>
    <ClCompile Include="..\cmd-display-panes.c">
      <Filter>Source Files</Filter>
    </ClCompile>
    <ClCompile Include="..\cmd-find.c">
      <Filter>Source Files</Filter>
    </ClCompile>
    <ClCompile Include="..\cmd-find-window.c">
      <Filter>Source Files</Filter>
    </ClCompile>
    <ClCompile Include="..\cmd-if-shell.c">
      <Filter>Source Files</Filter>
    </ClCompile>
    <ClCompile Include="..\cmd-join-pane.c">
      <Filter>Source Files</Filter>
    </ClCompile>
    <ClCompile Include="..\cmd-kill-pane.c">
      <Filter>Source Files</Filter>
    </ClCompile>
    <ClCompile Include="..\cmd-kill-server.c">
      <Filter>Source Files</Filter>
    </ClCompile>
    <ClCompile Include="..\cmd-kill-session.c">
      <Filter>Source Files</Filter>
    </ClCompile>
    <ClCompile Include="..\cmd-kill-window.c">
      <Filter>Source Files</Filter>
    </ClCompile>
    <ClCompile Include="..\cmd-list.c">
      <Filter>Source Files</Filter>
    </ClCompile>
    <ClCompile Include="..\cmd-list-buffers.c">
      <Filter>Source Files</Filter>
    </ClCompile>
    <ClCompile Include="..\cmd-list-clients.c">
      <Filter>Source Files</Filter>
    </ClCompile>
    <ClCompile Include="..\cmd-list-keys.c">
      <Filter>Source Files</Filter>
    </ClCompile>
    <ClCompile Include="..\cmd-list-panes.c">
      <Filter>Source Files</Filter>
    </ClCompile>
    <ClCompile Include="..\cmd-list-sessions.c">
      <Filter>Source Files</Filter>
    </ClCompile>
    <ClCompile Include="..\cmd-list-windows.c">
      <Filter>Source Files</Filter>
    </ClCompile>
    <ClCompile Include="..\cmd-load-buffer.c">
      <Filter>Source Files</Filter>
    </ClCompile>
    <ClCompile Include="..\cmd-lock-server.c">
      <Filter>Source Files</Filter>
    </ClCompile>
    <ClCompile Include="..\cmd-move-window.c">
      <Filter>Source Files</Filter>
    </ClCompile>
    <ClCompile Include="..\cmd-new-session.c">
      <Filter>Source Files</Filter>
    </ClCompile>
    <ClCompile Include="..\cmd-new-window.c">
      <Filter>Source Files</Filter>
    </ClCompile>
    <ClCompile Include="..\cmd-paste-buffer.c">
      <Filter>Source Files</Filter>
    </ClCompile>
    <ClCompile Include="..\cmd-pipe-pane.c">
      <Filter>Source Files</Filter>
    </ClCompile>
    <ClCompile Include="..\cmd-queue.c">
      <Filter>Source Files</Filter>
    </ClCompile>
    <ClCompile Include="..\cmd-refresh-client.c">
      <Filter>Source Files</Filter>
    </ClCompile>
    <ClCompile Include="..\cmd-rename-session.c">
      <Filter>Source Files</Filter>
    </ClCompile>
    <ClCompile Include="..\cmd-rename-window.c">
      <Filter>Source Files</Filter>
    </ClCompile>
    <ClCompile Include="..\cmd-resize-pane.c">
      <Filter>Source Files</Filter>
    </ClCompile>
    <ClCompile Include="..\cmd-resize-window.c">
      <Filter>Source Files</Filter>
    </ClCompile>
    <ClCompile Include="..\cmd-respawn-pane.c">
      <Filter>Source Files</Filter>
    </ClCompile>
    <ClCompile Include="..\cmd-respawn-window.c">
      <Filter>Source Files</Filter>
    </ClCompile>
    <ClCompile Include="..\cmd-rotate-window.c">
      <Filter>Source Files</Filter>
    </ClCompile>
    <ClCompile Include="..\cmd-run-shell.c">
      <Filter>Source Files</Filter>
    </ClCompile>
    <ClCompile Include="..\cmd-save-buffer.c">
      <Filter>Source Files</Filter>
    </ClCompile>
    <ClCompile Include="..\cmd-select-layout.c">
      <Filter>Source Files</Filter>
    </ClCompile>
    <ClCompile Include="..\cmd-select-pane.c">
      <Filter>Source Files</Filter>
    </ClCompile>
    <ClCompile Include="..\cmd-select-window.c">
      <Filter>Source Files</Filter>
    </ClCompile>
    <ClCompile Include="..\cmd-send-keys.c">
      <Filter>Source Files</Filter>
    </ClCompile>
    <ClCompile Include="..\cmd-set-buffer.c">
      <Filter>Source Files</Filter>
    </ClCompile>
    <ClCompile Include="..\cmd-set-environment.c">
      <Filter>Source Files</Filter>
    </ClCompile>
    <ClCompile Include="..\cmd-set-option.c">
      <Filter>Source Files</Filter>
    </ClCompile>
    <ClCompile Include="..\cmd-show-environment.c">
      <Filter>Source Files</Filter>
    </ClCompile>
    <ClCompile Include="..\cmd-show-messages.c">
      <Filter>Source Files</Filter>
    </ClCompile>
    <ClCompile Include="..\cmd-show-options.c">
      <Filter>Source Files</Filter>
    </ClCompile>
    <ClCompile Include="..\cmd-source-file.c">
      <Filter>Source Files</Filter>
    </ClCompile>
    <ClCompile Include="..\cmd-split-window.c">
      <Filter>Source Files</Filter>
    </ClCompile>
    <ClCompile Include="..\cmd-string.c">
      <Filter>Source Files</Filter>
    </ClCompile>
    <ClCompile Include="..\cmd-swap-pane.c">
      <Filter>Source Files</Filter>
    </ClCompile>
    <ClCompile Include="..\cmd-swap-window.c">
      <Filter>Source Files</Filter>
    </ClCompile>
    <ClCompile Include="..\cmd-switch-client.c">
      <Filter>Source Files</Filter>
    </ClCompile>
    <ClCompile Include="..\cmd-unbind-key.c">
      <Filter>Source Files</Filter>
    </ClCompile>
    <ClCompile Include="..\cmd-wait-for.c">
      <Filter>Source Files</Filter>
    </ClCompile>
    <ClCompile Include="..\colour.c">
      <Filter>Source Files</Filter>
    </ClCompile>
    <ClCompile Include="..\control.c">
      <Filter>Source Files</Filter>
    </ClCompile>
    <ClCompile Include="..\control-notify.c">
      <Filter>Source Files</Filter>
    </ClCompile>
    <ClCompile Include="..\format.c">
      <Filter>Source Files</Filter>
    </ClCompile>
    <ClCompile Include="..\format-draw.c">
      <Filter>Source Files</Filter>
    </ClCompile>
    <ClCompile Include="..\grid.c">
      <Filter>Source Files</Filter>
    </ClCompile>
    <ClCompile Include="..\grid-view.c">
      <Filter>Source Files</Filter>
    </ClCompile>
    <ClCompile Include="..\input.c">
      <Filter>Source Files</Filter>
    </ClCompile>
    <ClCompile Include="..\input-keys.c">
      <Filter>Source Files</Filter>
    </ClCompile>
    <ClCompile Include="..\job.c">
      <Filter>Source Files</Filter>
    </ClCompile>
    <ClCompile Include="..\key-bindings.c">
      <Filter>Source Files</Filter>
    </ClCompile>
    <ClCompile Include="..\key-string.c">
      <Filter>Source Files</Filter>
    </ClCompile>
    <ClCompile Include="..\layout.c">
      <Filter>Source Files</Filter>
    </ClCompile>
    <ClCompile Include="..\layout-custom.c">
      <Filter>Source Files</Filter>
    </ClCompile>
    <ClCompile Include="..\layout-set.c">
      <Filter>Source Files</Filter>
    </ClCompile>
    <ClCompile Include="..\log.c">
      <Filter>Source Files</Filter>
    </ClCompile>
    <ClCompile Include="..\menu.c">
      <Filter>Source Files</Filter>
    </ClCompile>
    <ClCompile Include="..\mode-tree.c">
      <Filter>Source Files</Filter>
    </ClCompile>
    <ClCompile Include="..\names.c">
      <Filter>Source Files</Filter>
    </ClCompile>
    <ClCompile Include="..\notify.c">
      <Filter>Source Files</Filter>
    </ClCompile>
    <ClCompile Include="..\options.c">
      <Filter>Source Files</Filter>
    </ClCompile>
    <ClCompile Include="..\options-table.c">
      <Filter>Source Files</Filter>
    </ClCompile>
    <ClCompile Include="..\paste.c">
      <Filter>Source Files</Filter>
    </ClCompile>
    <ClCompile Include="..\resize.c">
      <Filter>Source Files</Filter>
    </ClCompile>
    <ClCompile Include="..\screen.c">
      <Filter>Source Files</Filter>
    </ClCompile>
    <ClCompile Include="..\screen-redraw.c">
      <Filter>Source Files</Filter>
    </ClCompile>
    <ClCompile Include="..\screen-write.c">
      <Filter>Source Files</Filter>
    </ClCompile>
    <ClCompile Include="..\server.c">
      <Filter>Source Files</Filter>
    </ClCompile>
    <ClCompile Include="..\server-client.c">
      <Filter>Source Files</Filter>
    </ClCompile>
    <ClCompile Include="..\server-fn.c">
      <Filter>Source Files</Filter>
    </ClCompile>
    <ClCompile Include="..\session.c">
      <Filter>Source Files</Filter>
    </ClCompile>
    <ClCompile Include="..\spawn.c">
      <Filter>Source Files</Filter>
    </ClCompile>
    <ClCompile Include="..\status.c">
      <Filter>Source Files</Filter>
    </ClCompile>
    <ClCompile Include="..\style.c">
      <Filter>Source Files</Filter>
    </ClCompile>
    <ClCompile Include="..\tmux.c">
      <Filter>Source Files</Filter>
    </ClCompile>
    <ClCompile Include="..\tty.c">
      <Filter>Source Files</Filter>
    </ClCompile>
    <ClCompile Include="..\tty-acs.c">
      <Filter>Source Files</Filter>
    </ClCompile>
    <ClCompile Include="..\tty-keys.c">
      <Filter>Source Files</Filter>
    </ClCompile>
    <ClCompile Include="..\tty-term.c">
      <Filter>Source Files</Filter>
    </ClCompile>
    <ClCompile Include="..\utf8.c">
      <Filter>Source Files</Filter>
    </ClCompile>
    <ClCompile Include="..\window.c">
      <Filter>Source Files</Filter>
    </ClCompile>
    <ClCompile Include="..\window-buffer.c">
      <Filter>Source Files</Filter>
    </ClCompile>
    <ClCompile Include="..\window-client.c">
      <Filter>Source Files</Filter>
    </ClCompile>
    <ClCompile Include="..\window-clock.c">
      <Filter>Source Files</Filter>
    </ClCompile>
    <ClCompile Include="..\window-copy.c">
      <Filter>Source Files</Filter>
    </ClCompile>
    <ClCompile Include="..\window-tree.c">
      <Filter>Source Files</Filter>
    </ClCompile>
    <ClCompile Include="..\xmalloc.c">
      <Filter>Source Files</Filter>
    </ClCompile>
    <ClCompile Include="..\xterm-keys.c">
      <Filter>Source Files</Filter>
    </ClCompile>
    <ClCompile Include="..\compat\strlcat.c">
      <Filter>Source Files</Filter>
    </ClCompile>
    <ClCompile Include="..\compat\strlcpy.c">
      <Filter>Source Files</Filter>
    </ClCompile>
    <ClCompile Include="..\compat\strcasestr.c">
      <Filter>Source Files</Filter>
    </ClCompile>
    <ClCompile Include="..\compat\strndup.c">
      <Filter>Source Files</Filter>
    </ClCompile>
    <ClCompile Include="..\compat\strsep.c">
      <Filter>Source Files</Filter>
    </ClCompile>
    <ClCompile Include="..\compat\strtonum.c">
      <Filter>Source Files</Filter>
    </ClCompile>
    <ClCompile Include="..\compat\getopt.c">
      <Filter>Source Files</Filter>
    </ClCompile>
    <ClCompile Include="..\osdep-windows.c">
      <Filter>Source Files</Filter>
    </ClCompile>
    <ClCompile Include="..\compat\getprogname.c">
      <Filter>Source Files</Filter>
    </ClCompile>
    <ClCompile Include="..\compat\base64.c">
      <Filter>Source Files</Filter>
    </ClCompile>
    <ClCompile Include="..\proc.c">
      <Filter>Source Files</Filter>
    </ClCompile>
    <ClCompile Include="..\compat\vis.c">
      <Filter>Source Files</Filter>
    </ClCompile>
    <ClCompile Include="..\compat\imsg.c">
      <Filter>Source Files</Filter>
    </ClCompile>
    <ClCompile Include="..\compat\imsg-buffer.c">
      <Filter>Source Files</Filter>
    </ClCompile>
    <ClCompile Include="..\environ.c">
      <Filter>Source Files</Filter>
    </ClCompile>
    <ClCompile Include="..\compat\freezero.c">
      <Filter>Source Files</Filter>
    </ClCompile>
    <ClCompile Include="..\compat\reallocarray.c">
      <Filter>Source Files</Filter>
    </ClCompile>
    <ClCompile Include="..\compat\recallocarray.c">
      <Filter>Source Files</Filter>
    </ClCompile>
    <ClCompile Include="..\compat\fgetln.c">
      <Filter>Source Files</Filter>
    </ClCompile>
    <ClCompile Include="..\compat\fparseln.c">
      <Filter>Source Files</Filter>
    </ClCompile>
    <ClCompile Include="..\compat\unvis.c">
      <Filter>Source Files</Filter>
    </ClCompile>
    <ClCompile Include="..\compat\explicit_bzero.c">
      <Filter>Source Files</Filter>
    </ClCompile>
    <ClCompile Include="..\compat\err.c">
      <Filter>Source Files</Filter>
    </ClCompile>
    <ClCompile Include="..\compat\fdforkpty.c">
      <Filter>Source Files</Filter>
    </ClCompile>
    <ClCompile Include="..\compat\setproctitle.c">
      <Filter>Source Files</Filter>
    </ClCompile>
    <ClCompile Include="..\compat\memmem.c">
      <Filter>Source Files</Filter>
    </ClCompile>
    <ClCompile Include="..\compat\getdtablecount.c">
      <Filter>Source Files</Filter>
    </ClCompile>
    <ClCompile Include="compat_c11.cpp">
      <Filter>Source Files</Filter>
    </ClCompile>
    <ClCompile Include="mk_wcwidth.c">
      <Filter>Source Files</Filter>
    </ClCompile>
    <ClCompile Include="vc_compat.c">
      <Filter>Source Files</Filter>
    </ClCompile>
    <ClCompile Include="send_recv_msg_compat.cpp">
      <Filter>Source Files</Filter>
    </ClCompile>
    <ClCompile Include="termios.c">
      <Filter>Source Files</Filter>
    </ClCompile>
  </ItemGroup>
  <ItemGroup>
    <ClInclude Include="..\compat.h">
      <Filter>Header Files</Filter>
    </ClInclude>
    <ClInclude Include="..\tmux.h">
      <Filter>Header Files</Filter>
    </ClInclude>
    <ClInclude Include="..\xmalloc.h">
      <Filter>Header Files</Filter>
    </ClInclude>
    <ClInclude Include="..\compat\bitstring.h">
      <Filter>Header Files</Filter>
    </ClInclude>
    <ClInclude Include="..\compat\imsg.h">
      <Filter>Header Files</Filter>
    </ClInclude>
    <ClInclude Include="..\compat\queue.h">
      <Filter>Header Files</Filter>
    </ClInclude>
    <ClInclude Include="..\compat\tree.h">
      <Filter>Header Files</Filter>
    </ClInclude>
    <ClInclude Include="..\compat\vis.h">
      <Filter>Header Files</Filter>
    </ClInclude>
    <ClInclude Include="vc_compat.h">
      <Filter>Header Files</Filter>
    </ClInclude>
  </ItemGroup>
  <ItemGroup>
    <None Include="..\example_tmux.conf">
      <Filter>Source Files</Filter>
    </None>
  </ItemGroup>
</Project>